
Microsoft Visual Studio Solution File, Format Version 12.00
# Visual Studio 14
VisualStudioVersion = 14.0.23107.0
MinimumVisualStudioVersion = 10.0.40219.1
Project("{8BC9CEB8-8B4A-11D0-8D11-00A0C91BC942}") = "pycygtest", "pycygtest\pycygtest.vcxproj", "{CEC466E1-C5C7-452C-B768-B335B2B89D8E}"
EndProject
Project("{888888A0-9F3D-457C-B088-3A5042F75D52}") = "roscorePyTest", "roscorePyTest\roscorePyTest.pyproj", "{EE15DD37-9EF8-4171-B740-02E5CA6876DF}"
EndProject
Global
	GlobalSection(SolutionConfigurationPlatforms) = preSolution
		Debug|Any CPU = Debug|Any CPU
		Debug|x64 = Debug|x64
		Debug|x86 = Debug|x86
		Release|Any CPU = Release|Any CPU
		Release|x64 = Release|x64
		Release|x86 = Release|x86
	EndGlobalSection
	GlobalSection(ProjectConfigurationPlatforms) = postSolution
		{CEC466E1-C5C7-452C-B768-B335B2B89D8E}.Debug|Any CPU.ActiveCfg = Debug|Win32
		{CEC466E1-C5C7-452C-B768-B335B2B89D8E}.Debug|x64.ActiveCfg = Debug|x64
		{CEC466E1-C5C7-452C-B768-B335B2B89D8E}.Debug|x64.Build.0 = Debug|x64
		{CEC466E1-C5C7-452C-B768-B335B2B89D8E}.Debug|x86.ActiveCfg = Debug|Win32
		{CEC466E1-C5C7-452C-B768-B335B2B89D8E}.Debug|x86.Build.0 = Debug|Win32
		{CEC466E1-C5C7-452C-B768-B335B2B89D8E}.Release|Any CPU.ActiveCfg = Release|Win32
		{CEC466E1-C5C7-452C-B768-B335B2B89D8E}.Release|x64.ActiveCfg = Release|x64
		{CEC466E1-C5C7-452C-B768-B335B2B89D8E}.Release|x64.Build.0 = Release|x64
		{CEC466E1-C5C7-452C-B768-B335B2B89D8E}.Release|x86.ActiveCfg = Release|Win32
		{CEC466E1-C5C7-452C-B768-B335B2B89D8E}.Release|x86.Build.0 = Release|Win32
		{EE15DD37-9EF8-4171-B740-02E5CA6876DF}.Debug|Any CPU.ActiveCfg = Debug|Any CPU
		{EE15DD37-9EF8-4171-B740-02E5CA6876DF}.Debug|x64.ActiveCfg = Debug|Any CPU
		{EE15DD37-9EF8-4171-B740-02E5CA6876DF}.Debug|x86.ActiveCfg = Debug|Any CPU
		{EE15DD37-9EF8-4171-B740-02E5CA6876DF}.Release|Any CPU.ActiveCfg = Release|Any CPU
		{EE15DD37-9EF8-4171-B740-02E5CA6876DF}.Release|x64.ActiveCfg = Release|Any CPU
		{EE15DD37-9EF8-4171-B740-02E5CA6876DF}.Release|x86.ActiveCfg = Release|Any CPU
	EndGlobalSection
	GlobalSection(SolutionProperties) = preSolution
		HideSolutionNode = FALSE
	EndGlobalSection
EndGlobal
